
Microsoft Visual Studio Solution File, Format Version 12.00
# Visual Studio 15
VisualStudioVersion = 15.0.28307.421
MinimumVisualStudioVersion = 10.0.40219.1
Project("{FAE04EC0-301F-11D3-BF4B-00C04F79EFBC}") = "HelloWorld", "HelloWorld\HelloWorld.csproj", "{56031DAC-C245-4CD6-A3E7-AC95DBC60698}"
EndProject
Project("{FAE04EC0-301F-11D3-BF4B-00C04F79EFBC}") = "WhiskeyManager", "WhiskeyManager\WhiskeyManager.csproj", "{A93797CE-5C01-4ED4-9F61-5D5EDB78CB3C}"
EndProject
Project("{FAE04EC0-301F-11D3-BF4B-00C04F79EFBC}") = "Lokalisierung", "Lokalisierung\Lokalisierung.csproj", "{D530315F-43F4-4DA0-8718-0D047314DD69}"
EndProject
Project("{FAE04EC0-301F-11D3-BF4B-00C04F79EFBC}") = "Binding", "Binding\Binding.csproj", "{1B76E11A-F6C1-4329-A3FE-CA1A43FB88D3}"
EndProject
Project("{FAE04EC0-301F-11D3-BF4B-00C04F79EFBC}") = "GutesWetter", "GutesWetter\GutesWetter.csproj", "{653CF595-C4E4-4A69-B62E-610AC7E12357}"
EndProject
Global
	GlobalSection(SolutionConfigurationPlatforms) = preSolution
		Debug|ARM = Debug|ARM
		Debug|ARM64 = Debug|ARM64
		Debug|x64 = Debug|x64
		Debug|x86 = Debug|x86
		Release|ARM = Release|ARM
		Release|ARM64 = Release|ARM64
		Release|x64 = Release|x64
		Release|x86 = Release|x86
	EndGlobalSection
	GlobalSection(ProjectConfigurationPlatforms) = postSolution
		{56031DAC-C245-4CD6-A3E7-AC95DBC60698}.Debug|ARM.ActiveCfg = Debug|ARM
		{56031DAC-C245-4CD6-A3E7-AC95DBC60698}.Debug|ARM.Build.0 = Debug|ARM
		{56031DAC-C245-4CD6-A3E7-AC95DBC60698}.Debug|ARM.Deploy.0 = Debug|ARM
		{56031DAC-C245-4CD6-A3E7-AC95DBC60698}.Debug|ARM64.ActiveCfg = Debug|ARM64
		{56031DAC-C245-4CD6-A3E7-AC95DBC60698}.Debug|ARM64.Build.0 = Debug|ARM64
		{56031DAC-C245-4CD6-A3E7-AC95DBC60698}.Debug|ARM64.Deploy.0 = Debug|ARM64
		{56031DAC-C245-4CD6-A3E7-AC95DBC60698}.Debug|x64.ActiveCfg = Debug|x64
		{56031DAC-C245-4CD6-A3E7-AC95DBC60698}.Debug|x64.Build.0 = Debug|x64
		{56031DAC-C245-4CD6-A3E7-AC95DBC60698}.Debug|x64.Deploy.0 = Debug|x64
		{56031DAC-C245-4CD6-A3E7-AC95DBC60698}.Debug|x86.ActiveCfg = Debug|x86
		{56031DAC-C245-4CD6-A3E7-AC95DBC60698}.Debug|x86.Build.0 = Debug|x86
		{56031DAC-C245-4CD6-A3E7-AC95DBC60698}.Debug|x86.Deploy.0 = Debug|x86
		{56031DAC-C245-4CD6-A3E7-AC95DBC60698}.Release|ARM.ActiveCfg = Release|ARM
		{56031DAC-C245-4CD6-A3E7-AC95DBC60698}.Release|ARM.Build.0 = Release|ARM
		{56031DAC-C245-4CD6-A3E7-AC95DBC60698}.Release|ARM.Deploy.0 = Release|ARM
		{56031DAC-C245-4CD6-A3E7-AC95DBC60698}.Release|ARM64.ActiveCfg = Release|ARM64
		{56031DAC-C245-4CD6-A3E7-AC95DBC60698}.Release|ARM64.Build.0 = Release|ARM64
		{56031DAC-C245-4CD6-A3E7-AC95DBC60698}.Release|ARM64.Deploy.0 = Release|ARM64
		{56031DAC-C245-4CD6-A3E7-AC95DBC60698}.Release|x64.ActiveCfg = Release|x64
		{56031DAC-C245-4CD6-A3E7-AC95DBC60698}.Release|x64.Build.0 = Release|x64
		{56031DAC-C245-4CD6-A3E7-AC95DBC60698}.Release|x64.Deploy.0 = Release|x64
		{56031DAC-C245-4CD6-A3E7-AC95DBC60698}.Release|x86.ActiveCfg = Release|x86
		{56031DAC-C245-4CD6-A3E7-AC95DBC60698}.Release|x86.Build.0 = Release|x86
		{56031DAC-C245-4CD6-A3E7-AC95DBC60698}.Release|x86.Deploy.0 = Release|x86
		{A93797CE-5C01-4ED4-9F61-5D5EDB78CB3C}.Debug|ARM.ActiveCfg = Debug|ARM
		{A93797CE-5C01-4ED4-9F61-5D5EDB78CB3C}.Debug|ARM.Build.0 = Debug|ARM
		{A93797CE-5C01-4ED4-9F61-5D5EDB78CB3C}.Debug|ARM.Deploy.0 = Debug|ARM
		{A93797CE-5C01-4ED4-9F61-5D5EDB78CB3C}.Debug|ARM64.ActiveCfg = Debug|ARM64
		{A93797CE-5C01-4ED4-9F61-5D5EDB78CB3C}.Debug|ARM64.Build.0 = Debug|ARM64
		{A93797CE-5C01-4ED4-9F61-5D5EDB78CB3C}.Debug|ARM64.Deploy.0 = Debug|ARM64
		{A93797CE-5C01-4ED4-9F61-5D5EDB78CB3C}.Debug|x64.ActiveCfg = Debug|x64
		{A93797CE-5C01-4ED4-9F61-5D5EDB78CB3C}.Debug|x64.Build.0 = Debug|x64
		{A93797CE-5C01-4ED4-9F61-5D5EDB78CB3C}.Debug|x64.Deploy.0 = Debug|x64
		{A93797CE-5C01-4ED4-9F61-5D5EDB78CB3C}.Debug|x86.ActiveCfg = Debug|x86
		{A93797CE-5C01-4ED4-9F61-5D5EDB78CB3C}.Debug|x86.Build.0 = Debug|x86
		{A93797CE-5C01-4ED4-9F61-5D5EDB78CB3C}.Debug|x86.Deploy.0 = Debug|x86
		{A93797CE-5C01-4ED4-9F61-5D5EDB78CB3C}.Release|ARM.ActiveCfg = Release|ARM
		{A93797CE-5C01-4ED4-9F61-5D5EDB78CB3C}.Release|ARM.Build.0 = Release|ARM
		{A93797CE-5C01-4ED4-9F61-5D5EDB78CB3C}.Release|ARM.Deploy.0 = Release|ARM
		{A93797CE-5C01-4ED4-9F61-5D5EDB78CB3C}.Release|ARM64.ActiveCfg = Release|ARM64
		{A93797CE-5C01-4ED4-9F61-5D5EDB78CB3C}.Release|ARM64.Build.0 = Release|ARM64
		{A93797CE-5C01-4ED4-9F61-5D5EDB78CB3C}.Release|ARM64.Deploy.0 = Release|ARM64
		{A93797CE-5C01-4ED4-9F61-5D5EDB78CB3C}.Release|x64.ActiveCfg = Release|x64
		{A93797CE-5C01-4ED4-9F61-5D5EDB78CB3C}.Release|x64.Build.0 = Release|x64
		{A93797CE-5C01-4ED4-9F61-5D5EDB78CB3C}.Release|x64.Deploy.0 = Release|x64
		{A93797CE-5C01-4ED4-9F61-5D5EDB78CB3C}.Release|x86.ActiveCfg = Release|x86
		{A93797CE-5C01-4ED4-9F61-5D5EDB78CB3C}.Release|x86.Build.0 = Release|x86
		{A93797CE-5C01-4ED4-9F61-5D5EDB78CB3C}.Release|x86.Deploy.0 = Release|x86
		{D530315F-43F4-4DA0-8718-0D047314DD69}.Debug|ARM.ActiveCfg = Debug|ARM
		{D530315F-43F4-4DA0-8718-0D047314DD69}.Debug|ARM.Build.0 = Debug|ARM
		{D530315F-43F4-4DA0-8718-0D047314DD69}.Debug|ARM.Deploy.0 = Debug|ARM
		{D530315F-43F4-4DA0-8718-0D047314DD69}.Debug|ARM64.ActiveCfg = Debug|ARM64
		{D530315F-43F4-4DA0-8718-0D047314DD69}.Debug|ARM64.Build.0 = Debug|ARM64
		{D530315F-43F4-4DA0-8718-0D047314DD69}.Debug|ARM64.Deploy.0 = Debug|ARM64
		{D530315F-43F4-4DA0-8718-0D047314DD69}.Debug|x64.ActiveCfg = Debug|x64
		{D530315F-43F4-4DA0-8718-0D047314DD69}.Debug|x64.Build.0 = Debug|x64
		{D530315F-43F4-4DA0-8718-0D047314DD69}.Debug|x64.Deploy.0 = Debug|x64
		{D530315F-43F4-4DA0-8718-0D047314DD69}.Debug|x86.ActiveCfg = Debug|x86
		{D530315F-43F4-4DA0-8718-0D047314DD69}.Debug|x86.Build.0 = Debug|x86
		{D530315F-43F4-4DA0-8718-0D047314DD69}.Debug|x86.Deploy.0 = Debug|x86
		{D530315F-43F4-4DA0-8718-0D047314DD69}.Release|ARM.ActiveCfg = Release|ARM
		{D530315F-43F4-4DA0-8718-0D047314DD69}.Release|ARM.Build.0 = Release|ARM
		{D530315F-43F4-4DA0-8718-0D047314DD69}.Release|ARM.Deploy.0 = Release|ARM
		{D530315F-43F4-4DA0-8718-0D047314DD69}.Release|ARM64.ActiveCfg = Release|ARM64
		{D530315F-43F4-4DA0-8718-0D047314DD69}.Release|ARM64.Build.0 = Release|ARM64
		{D530315F-43F4-4DA0-8718-0D047314DD69}.Release|ARM64.Deploy.0 = Release|ARM64
		{D530315F-43F4-4DA0-8718-0D047314DD69}.Release|x64.ActiveCfg = Release|x64
		{D530315F-43F4-4DA0-8718-0D047314DD69}.Release|x64.Build.0 = Release|x64
		{D530315F-43F4-4DA0-8718-0D047314DD69}.Release|x64.Deploy.0 = Release|x64
		{D530315F-43F4-4DA0-8718-0D047314DD69}.Release|x86.ActiveCfg = Release|x86
		{D530315F-43F4-4DA0-8718-0D047314DD69}.Release|x86.Build.0 = Release|x86
		{D530315F-43F4-4DA0-8718-0D047314DD69}.Release|x86.Deploy.0 = Release|x86
		{1B76E11A-F6C1-4329-A3FE-CA1A43FB88D3}.Debug|ARM.ActiveCfg = Debug|ARM
		{1B76E11A-F6C1-4329-A3FE-CA1A43FB88D3}.Debug|ARM.Build.0 = Debug|ARM
		{1B76E11A-F6C1-4329-A3FE-CA1A43FB88D3}.Debug|ARM.Deploy.0 = Debug|ARM
		{1B76E11A-F6C1-4329-A3FE-CA1A43FB88D3}.Debug|ARM64.ActiveCfg = Debug|ARM64
		{1B76E11A-F6C1-4329-A3FE-CA1A43FB88D3}.Debug|ARM64.Build.0 = Debug|ARM64
		{1B76E11A-F6C1-4329-A3FE-CA1A43FB88D3}.Debug|ARM64.Deploy.0 = Debug|ARM64
		{1B76E11A-F6C1-4329-A3FE-CA1A43FB88D3}.Debug|x64.ActiveCfg = Debug|x64
		{1B76E11A-F6C1-4329-A3FE-CA1A43FB88D3}.Debug|x64.Build.0 = Debug|x64
		{1B76E11A-F6C1-4329-A3FE-CA1A43FB88D3}.Debug|x64.Deploy.0 = Debug|x64
		{1B76E11A-F6C1-4329-A3FE-CA1A43FB88D3}.Debug|x86.ActiveCfg = Debug|x86
		{1B76E11A-F6C1-4329-A3FE-CA1A43FB88D3}.Debug|x86.Build.0 = Debug|x86
		{1B76E11A-F6C1-4329-A3FE-CA1A43FB88D3}.Debug|x86.Deploy.0 = Debug|x86
		{1B76E11A-F6C1-4329-A3FE-CA1A43FB88D3}.Release|ARM.ActiveCfg = Release|ARM
		{1B76E11A-F6C1-4329-A3FE-CA1A43FB88D3}.Release|ARM.Build.0 = Release|ARM
		{1B76E11A-F6C1-4329-A3FE-CA1A43FB88D3}.Release|ARM.Deploy.0 = Release|ARM
		{1B76E11A-F6C1-4329-A3FE-CA1A43FB88D3}.Release|ARM64.ActiveCfg = Release|ARM64
		{1B76E11A-F6C1-4329-A3FE-CA1A43FB88D3}.Release|ARM64.Build.0 = Release|ARM64
		{1B76E11A-F6C1-4329-A3FE-CA1A43FB88D3}.Release|ARM64.Deploy.0 = Release|ARM64
		{1B76E11A-F6C1-4329-A3FE-CA1A43FB88D3}.Release|x64.ActiveCfg = Release|x64
		{1B76E11A-F6C1-4329-A3FE-CA1A43FB88D3}.Release|x64.Build.0 = Release|x64
		{1B76E11A-F6C1-4329-A3FE-CA1A43FB88D3}.Release|x64.Deploy.0 = Release|x64
		{1B76E11A-F6C1-4329-A3FE-CA1A43FB88D3}.Release|x86.ActiveCfg = Release|x86
		{1B76E11A-F6C1-4329-A3FE-CA1A43FB88D3}.Release|x86.Build.0 = Release|x86
		{1B76E11A-F6C1-4329-A3FE-CA1A43FB88D3}.Release|x86.Deploy.0 = Release|x86
		{653CF595-C4E4-4A69-B62E-610AC7E12357}.Debug|ARM.ActiveCfg = Debug|ARM
		{653CF595-C4E4-4A69-B62E-610AC7E12357}.Debug|ARM.Build.0 = Debug|ARM
		{653CF595-C4E4-4A69-B62E-610AC7E12357}.Debug|ARM.Deploy.0 = Debug|ARM
		{653CF595-C4E4-4A69-B62E-610AC7E12357}.Debug|ARM64.ActiveCfg = Debug|ARM64
		{653CF595-C4E4-4A69-B62E-610AC7E12357}.Debug|ARM64.Build.0 = Debug|ARM64
		{653CF595-C4E4-4A69-B62E-610AC7E12357}.Debug|ARM64.Deploy.0 = Debug|ARM64
		{653CF595-C4E4-4A69-B62E-610AC7E12357}.Debug|x64.ActiveCfg = Debug|x64
		{653CF595-C4E4-4A69-B62E-610AC7E12357}.Debug|x64.Build.0 = Debug|x64
		{653CF595-C4E4-4A69-B62E-610AC7E12357}.Debug|x64.Deploy.0 = Debug|x64
		{653CF595-C4E4-4A69-B62E-610AC7E12357}.Debug|x86.ActiveCfg = Debug|x86
		{653CF595-C4E4-4A69-B62E-610AC7E12357}.Debug|x86.Build.0 = Debug|x86
		{653CF595-C4E4-4A69-B62E-610AC7E12357}.Debug|x86.Deploy.0 = Debug|x86
		{653CF595-C4E4-4A69-B62E-610AC7E12357}.Release|ARM.ActiveCfg = Release|ARM
		{653CF595-C4E4-4A69-B62E-610AC7E12357}.Release|ARM.Build.0 = Release|ARM
		{653CF595-C4E4-4A69-B62E-610AC7E12357}.Release|ARM.Deploy.0 = Release|ARM
		{653CF595-C4E4-4A69-B62E-610AC7E12357}.Release|ARM64.ActiveCfg = Release|ARM64
		{653CF595-C4E4-4A69-B62E-610AC7E12357}.Release|ARM64.Build.0 = Release|ARM64
		{653CF595-C4E4-4A69-B62E-610AC7E12357}.Release|ARM64.Deploy.0 = Release|ARM64
		{653CF595-C4E4-4A69-B62E-610AC7E12357}.Release|x64.ActiveCfg = Release|x64
		{653CF595-C4E4-4A69-B62E-610AC7E12357}.Release|x64.Build.0 = Release|x64
		{653CF595-C4E4-4A69-B62E-610AC7E12357}.Release|x64.Deploy.0 = Release|x64
		{653CF595-C4E4-4A69-B62E-610AC7E12357}.Release|x86.ActiveCfg = Release|x86
		{653CF595-C4E4-4A69-B62E-610AC7E12357}.Release|x86.Build.0 = Release|x86
		{653CF595-C4E4-4A69-B62E-610AC7E12357}.Release|x86.Deploy.0 = Release|x86
	EndGlobalSection
	GlobalSection(SolutionProperties) = preSolution
		HideSolutionNode = FALSE
	EndGlobalSection
	GlobalSection(ExtensibilityGlobals) = postSolution
		SolutionGuid = {67D450F0-ACDD-4F93-8BD8-0BB018D0A1D7}
	EndGlobalSection
EndGlobal
